
Microsoft Visual Studio Solution File, Format Version 12.00
Project("{FAE04EC0-301F-11D3-BF4B-00C04F79EFBC}") = "EShop.Domain", "EShop.Domain\EShop.Domain.csproj", "{B07C4D49-0835-46BC-A749-CF15AF93EE8D}"
EndProject
Project("{FAE04EC0-301F-11D3-BF4B-00C04F79EFBC}") = "TestAggregate", "TestAggregate\TestAggregate.csproj", "{84CEEE3A-6BF0-474F-9AFA-2C00A2EAF606}"
EndProject
Project("{FAE04EC0-301F-11D3-BF4B-00C04F79EFBC}") = "EShop.Infrastructure", "EShop.Infrastructure\EShop.Infrastructure.csproj", "{2DBCD24F-121D-4746-BDDA-7927E77DEC86}"
EndProject
Global
	GlobalSection(SolutionConfigurationPlatforms) = preSolution
		Debug|Any CPU = Debug|Any CPU
		Release|Any CPU = Release|Any CPU
	EndGlobalSection
	GlobalSection(ProjectConfigurationPlatforms) = postSolution
		{B07C4D49-0835-46BC-A749-CF15AF93EE8D}.Debug|Any CPU.ActiveCfg = Debug|Any CPU
		{B07C4D49-0835-46BC-A749-CF15AF93EE8D}.Debug|Any CPU.Build.0 = Debug|Any CPU
		{B07C4D49-0835-46BC-A749-CF15AF93EE8D}.Release|Any CPU.ActiveCfg = Release|Any CPU
		{B07C4D49-0835-46BC-A749-CF15AF93EE8D}.Release|Any CPU.Build.0 = Release|Any CPU
		{84CEEE3A-6BF0-474F-9AFA-2C00A2EAF606}.Debug|Any CPU.ActiveCfg = Debug|Any CPU
		{84CEEE3A-6BF0-474F-9AFA-2C00A2EAF606}.Debug|Any CPU.Build.0 = Debug|Any CPU
		{84CEEE3A-6BF0-474F-9AFA-2C00A2EAF606}.Release|Any CPU.ActiveCfg = Release|Any CPU
		{84CEEE3A-6BF0-474F-9AFA-2C00A2EAF606}.Release|Any CPU.Build.0 = Release|Any CPU
		{2DBCD24F-121D-4746-BDDA-7927E77DEC86}.Debug|Any CPU.ActiveCfg = Debug|Any CPU
		{2DBCD24F-121D-4746-BDDA-7927E77DEC86}.Debug|Any CPU.Build.0 = Debug|Any CPU
		{2DBCD24F-121D-4746-BDDA-7927E77DEC86}.Release|Any CPU.ActiveCfg = Release|Any CPU
		{2DBCD24F-121D-4746-BDDA-7927E77DEC86}.Release|Any CPU.Build.0 = Release|Any CPU
	EndGlobalSection
EndGlobal
